// !$*UTF8*$!
{
	archiveVersion = 1;
	classes = {
	};
	objectVersion = 56;
	objects = {

/* Begin PBXBuildFile section */
		3C0B762A2B66A8FA0056F6A6 /* StartDriveIntent.swift in Sources */ = {isa = PBXBuildFile; fileRef = 3C0B76292B66A8FA0056F6A6 /* StartDriveIntent.swift */; };
		3C0B762C2B66A93C0056F6A6 /* MyAppShortcutsProvider.swift in Sources */ = {isa = PBXBuildFile; fileRef = 3C0B762B2B66A93C0056F6A6 /* MyAppShortcutsProvider.swift */; };
		3C0D8D9E2A954099002F2779 /* MyDatesApp.swift in Sources */ = {isa = PBXBuildFile; fileRef = 3C0D8D9D2A954099002F2779 /* MyDatesApp.swift */; };
		3C0D8DA02A954099002F2779 /* ContentView.swift in Sources */ = {isa = PBXBuildFile; fileRef = 3C0D8D9F2A954099002F2779 /* ContentView.swift */; };
		3C0D8DA22A954099002F2779 /* Item.swift in Sources */ = {isa = PBXBuildFile; fileRef = 3C0D8DA12A954099002F2779 /* Item.swift */; };
		3C0D8DA42A95409C002F2779 /* Assets.xcassets in Resources */ = {isa = PBXBuildFile; fileRef = 3C0D8DA32A95409C002F2779 /* Assets.xcassets */; };
		3C0D8DA72A95409C002F2779 /* Preview Assets.xcassets in Resources */ = {isa = PBXBuildFile; fileRef = 3C0D8DA62A95409C002F2779 /* Preview Assets.xcassets */; };
		3C0D8DB32A95409C002F2779 /* MyDatesTests.swift in Sources */ = {isa = PBXBuildFile; fileRef = 3C0D8DB22A95409C002F2779 /* MyDatesTests.swift */; };
		3C0D8DBD2A95409C002F2779 /* MyDatesUITests.swift in Sources */ = {isa = PBXBuildFile; fileRef = 3C0D8DBC2A95409C002F2779 /* MyDatesUITests.swift */; };
		3C0D8DBF2A95409C002F2779 /* MyDatesUITestsLaunchTests.swift in Sources */ = {isa = PBXBuildFile; fileRef = 3C0D8DBE2A95409C002F2779 /* MyDatesUITestsLaunchTests.swift */; };
		3C0D8DD12A96DD04002F2779 /* ItemDetail.swift in Sources */ = {isa = PBXBuildFile; fileRef = 3C0D8DD02A96DD04002F2779 /* ItemDetail.swift */; };
		3C0D8DD32A977DE4002F2779 /* PreviewContainer.swift in Sources */ = {isa = PBXBuildFile; fileRef = 3C0D8DD22A977DE4002F2779 /* PreviewContainer.swift */; };
		3C0D8DD62A978C88002F2779 /* ModelPreview.swift in Sources */ = {isa = PBXBuildFile; fileRef = 3C0D8DD52A978C88002F2779 /* ModelPreview.swift */; };
		3C3CD8042AD0814D0051D252 /* WishKit in Frameworks */ = {isa = PBXBuildFile; productRef = 3C3CD8032AD0814D0051D252 /* WishKit */; };
		3C3CD8062AD081E40051D252 /* WishKitView.swift in Sources */ = {isa = PBXBuildFile; fileRef = 3C3CD8052AD081E40051D252 /* WishKitView.swift */; };
		3C3CD8082AD18A760051D252 /* SnapshotHelper.swift in Sources */ = {isa = PBXBuildFile; fileRef = 3C3CD8072AD18A760051D252 /* SnapshotHelper.swift */; };
		3C48D9192ABC830F006E418C /* ItemRowView.swift in Sources */ = {isa = PBXBuildFile; fileRef = 3C48D9182ABC830F006E418C /* ItemRowView.swift */; };
		3C55942C2B69FB4400D3D757 /* WidgetKit.framework in Frameworks */ = {isa = PBXBuildFile; fileRef = 3C55942B2B69FB4400D3D757 /* WidgetKit.framework */; };
		3C55942E2B69FB4400D3D757 /* SwiftUI.framework in Frameworks */ = {isa = PBXBuildFile; fileRef = 3C55942D2B69FB4400D3D757 /* SwiftUI.framework */; };
		3C5594312B69FB4400D3D757 /* MyDatesWidgetBundle.swift in Sources */ = {isa = PBXBuildFile; fileRef = 3C5594302B69FB4400D3D757 /* MyDatesWidgetBundle.swift */; };
		3C5594332B69FB4400D3D757 /* MyDatesWidget.swift in Sources */ = {isa = PBXBuildFile; fileRef = 3C5594322B69FB4400D3D757 /* MyDatesWidget.swift */; };
		3C5594352B69FB4400D3D757 /* AppIntent.swift in Sources */ = {isa = PBXBuildFile; fileRef = 3C5594342B69FB4400D3D757 /* AppIntent.swift */; };
		3C5594372B69FB4600D3D757 /* Assets.xcassets in Resources */ = {isa = PBXBuildFile; fileRef = 3C5594362B69FB4600D3D757 /* Assets.xcassets */; };
		3C55943C2B69FB4600D3D757 /* MyDatesWidgetExtension.appex in Embed Foundation Extensions */ = {isa = PBXBuildFile; fileRef = 3C55942A2B69FB4300D3D757 /* MyDatesWidgetExtension.appex */; settings = {ATTRIBUTES = (RemoveHeadersOnCopy, ); }; };
		3C5594412B69FE7B00D3D757 /* StartDriveIntent.swift in Sources */ = {isa = PBXBuildFile; fileRef = 3C0B76292B66A8FA0056F6A6 /* StartDriveIntent.swift */; };
		3C5594422B69FE9200D3D757 /* MyAppShortcutsProvider.swift in Sources */ = {isa = PBXBuildFile; fileRef = 3C0B762B2B66A93C0056F6A6 /* MyAppShortcutsProvider.swift */; };
		3C56FD492AAAB3700026A2D2 /* MyStoreView.swift in Sources */ = {isa = PBXBuildFile; fileRef = 3C56FD482AAAB3700026A2D2 /* MyStoreView.swift */; };
		3CA777E92A9F793900BC8FF2 /* ListView.swift in Sources */ = {isa = PBXBuildFile; fileRef = 3CA777E82A9F793900BC8FF2 /* ListView.swift */; };
		3CA777EB2A9FDE6800BC8FF2 /* AboutView.swift in Sources */ = {isa = PBXBuildFile; fileRef = 3CA777EA2A9FDE6800BC8FF2 /* AboutView.swift */; };
		3CA777ED2AA0183200BC8FF2 /* StateManager.swift in Sources */ = {isa = PBXBuildFile; fileRef = 3CA777EC2AA0183200BC8FF2 /* StateManager.swift */; };
		3CC79CD32ABAA40E00A734CB /* GoogleService-Info.plist in Resources */ = {isa = PBXBuildFile; fileRef = 3CC79CD22ABAA40E00A734CB /* GoogleService-Info.plist */; };
		3CC79CF12ABB7C7A00A734CB /* KeweApp in Frameworks */ = {isa = PBXBuildFile; productRef = 3CC79CF02ABB7C7A00A734CB /* KeweApp */; };
		3CC79CF52ABBAC2C00A734CB /* Config.swift in Sources */ = {isa = PBXBuildFile; fileRef = 3CC79CF42ABBAC2C00A734CB /* Config.swift */; };
		3CCFD9BA2B571F2600D0EE5F /* QueryBuilderView.swift in Sources */ = {isa = PBXBuildFile; fileRef = 3CCFD9B92B571F2600D0EE5F /* QueryBuilderView.swift */; };
		3CDA43B62AD24372000FBFCA /* ScreenShotUITests.swift in Sources */ = {isa = PBXBuildFile; fileRef = 3CDA43B52AD24372000FBFCA /* ScreenShotUITests.swift */; };
		3CDA43B92AD4DA9F000FBFCA /* Then in Frameworks */ = {isa = PBXBuildFile; productRef = 3CDA43B82AD4DA9F000FBFCA /* Then */; };
		3CDAEBFB2CA4C5DB003F956A /* Item.swift in Sources */ = {isa = PBXBuildFile; fileRef = 3C0D8DA12A954099002F2779 /* Item.swift */; };
		3CDAEBFD2CA99E34003F956A /* KeweApp in Frameworks */ = {isa = PBXBuildFile; productRef = 3CDAEBFC2CA99E34003F956A /* KeweApp */; };
		3CDAEBFE2CA9A7DF003F956A /* GoogleService-Info.plist in Resources */ = {isa = PBXBuildFile; fileRef = 3CC79CD22ABAA40E00A734CB /* GoogleService-Info.plist */; };
/* End PBXBuildFile section */

/* Begin PBXContainerItemProxy section */
		3C0D8DAF2A95409C002F2779 /* PBXContainerItemProxy */ = {
			isa = PBXContainerItemProxy;
			containerPortal = 3C0D8D922A954099002F2779 /* Project object */;
			proxyType = 1;
			remoteGlobalIDString = 3C0D8D992A954099002F2779;
			remoteInfo = MyDates;
		};
		3C0D8DB92A95409C002F2779 /* PBXContainerItemProxy */ = {
			isa = PBXContainerItemProxy;
			containerPortal = 3C0D8D922A954099002F2779 /* Project object */;
			proxyType = 1;
			remoteGlobalIDString = 3C0D8D992A954099002F2779;
			remoteInfo = MyDates;
		};
		3C55943A2B69FB4600D3D757 /* PBXContainerItemProxy */ = {
			isa = PBXContainerItemProxy;
			containerPortal = 3C0D8D922A954099002F2779 /* Project object */;
			proxyType = 1;
			remoteGlobalIDString = 3C5594292B69FB4300D3D757;
			remoteInfo = MyDatesWidgetExtension;
		};
/* End PBXContainerItemProxy section */

/* Begin PBXCopyFilesBuildPhase section */
		3C55943D2B69FB4600D3D757 /* Embed Foundation Extensions */ = {
			isa = PBXCopyFilesBuildPhase;
			buildActionMask = 2147483647;
			dstPath = "";
			dstSubfolderSpec = 13;
			files = (
				3C55943C2B69FB4600D3D757 /* MyDatesWidgetExtension.appex in Embed Foundation Extensions */,
			);
			name = "Embed Foundation Extensions";
			runOnlyForDeploymentPostprocessing = 0;
		};
/* End PBXCopyFilesBuildPhase section */

/* Begin PBXFileReference section */
		3C0B76292B66A8FA0056F6A6 /* StartDriveIntent.swift */ = {isa = PBXFileReference; fileEncoding = 4; lastKnownFileType = sourcecode.swift; path = StartDriveIntent.swift; sourceTree = "<group>"; };
		3C0B762B2B66A93C0056F6A6 /* MyAppShortcutsProvider.swift */ = {isa = PBXFileReference; fileEncoding = 4; lastKnownFileType = sourcecode.swift; path = MyAppShortcutsProvider.swift; sourceTree = "<group>"; };
		3C0D8D9A2A954099002F2779 /* MyDates.app */ = {isa = PBXFileReference; explicitFileType = wrapper.application; includeInIndex = 0; path = MyDates.app; sourceTree = BUILT_PRODUCTS_DIR; };
		3C0D8D9D2A954099002F2779 /* MyDatesApp.swift */ = {isa = PBXFileReference; lastKnownFileType = sourcecode.swift; path = MyDatesApp.swift; sourceTree = "<group>"; };
		3C0D8D9F2A954099002F2779 /* ContentView.swift */ = {isa = PBXFileReference; lastKnownFileType = sourcecode.swift; path = ContentView.swift; sourceTree = "<group>"; };
		3C0D8DA12A954099002F2779 /* Item.swift */ = {isa = PBXFileReference; lastKnownFileType = sourcecode.swift; path = Item.swift; sourceTree = "<group>"; };
		3C0D8DA32A95409C002F2779 /* Assets.xcassets */ = {isa = PBXFileReference; lastKnownFileType = folder.assetcatalog; path = Assets.xcassets; sourceTree = "<group>"; };
		3C0D8DA62A95409C002F2779 /* Preview Assets.xcassets */ = {isa = PBXFileReference; lastKnownFileType = folder.assetcatalog; path = "Preview Assets.xcassets"; sourceTree = "<group>"; };
		3C0D8DA82A95409C002F2779 /* MyDates.entitlements */ = {isa = PBXFileReference; lastKnownFileType = text.plist.entitlements; path = MyDates.entitlements; sourceTree = "<group>"; };
		3C0D8DA92A95409C002F2779 /* Info.plist */ = {isa = PBXFileReference; lastKnownFileType = text.plist.xml; path = Info.plist; sourceTree = "<group>"; };
		3C0D8DAE2A95409C002F2779 /* MyDatesTests.xctest */ = {isa = PBXFileReference; explicitFileType = wrapper.cfbundle; includeInIndex = 0; path = MyDatesTests.xctest; sourceTree = BUILT_PRODUCTS_DIR; };
		3C0D8DB22A95409C002F2779 /* MyDatesTests.swift */ = {isa = PBXFileReference; lastKnownFileType = sourcecode.swift; path = MyDatesTests.swift; sourceTree = "<group>"; };
		3C0D8DB82A95409C002F2779 /* MyDatesUITests.xctest */ = {isa = PBXFileReference; explicitFileType = wrapper.cfbundle; includeInIndex = 0; path = MyDatesUITests.xctest; sourceTree = BUILT_PRODUCTS_DIR; };
		3C0D8DBC2A95409C002F2779 /* MyDatesUITests.swift */ = {isa = PBXFileReference; lastKnownFileType = sourcecode.swift; path = MyDatesUITests.swift; sourceTree = "<group>"; };
		3C0D8DBE2A95409C002F2779 /* MyDatesUITestsLaunchTests.swift */ = {isa = PBXFileReference; lastKnownFileType = sourcecode.swift; path = MyDatesUITestsLaunchTests.swift; sourceTree = "<group>"; };
		3C0D8DD02A96DD04002F2779 /* ItemDetail.swift */ = {isa = PBXFileReference; lastKnownFileType = sourcecode.swift; path = ItemDetail.swift; sourceTree = "<group>"; };
		3C0D8DD22A977DE4002F2779 /* PreviewContainer.swift */ = {isa = PBXFileReference; lastKnownFileType = sourcecode.swift; path = PreviewContainer.swift; sourceTree = "<group>"; };
		3C0D8DD52A978C88002F2779 /* ModelPreview.swift */ = {isa = PBXFileReference; lastKnownFileType = sourcecode.swift; path = ModelPreview.swift; sourceTree = "<group>"; };
		3C3CD8052AD081E40051D252 /* WishKitView.swift */ = {isa = PBXFileReference; lastKnownFileType = sourcecode.swift; path = WishKitView.swift; sourceTree = "<group>"; };
		3C3CD8072AD18A760051D252 /* SnapshotHelper.swift */ = {isa = PBXFileReference; fileEncoding = 4; lastKnownFileType = sourcecode.swift; name = SnapshotHelper.swift; path = fastlane/SnapshotHelper.swift; sourceTree = SOURCE_ROOT; };
		3C48D9182ABC830F006E418C /* ItemRowView.swift */ = {isa = PBXFileReference; lastKnownFileType = sourcecode.swift; path = ItemRowView.swift; sourceTree = "<group>"; };
		3C55942A2B69FB4300D3D757 /* MyDatesWidgetExtension.appex */ = {isa = PBXFileReference; explicitFileType = "wrapper.app-extension"; includeInIndex = 0; path = MyDatesWidgetExtension.appex; sourceTree = BUILT_PRODUCTS_DIR; };
		3C55942B2B69FB4400D3D757 /* WidgetKit.framework */ = {isa = PBXFileReference; lastKnownFileType = wrapper.framework; name = WidgetKit.framework; path = /System/Library/Frameworks/WidgetKit.framework; sourceTree = "<absolute>"; };
		3C55942D2B69FB4400D3D757 /* SwiftUI.framework */ = {isa = PBXFileReference; lastKnownFileType = wrapper.framework; name = SwiftUI.framework; path = /System/Library/Frameworks/SwiftUI.framework; sourceTree = "<absolute>"; };
		3C5594302B69FB4400D3D757 /* MyDatesWidgetBundle.swift */ = {isa = PBXFileReference; lastKnownFileType = sourcecode.swift; path = MyDatesWidgetBundle.swift; sourceTree = "<group>"; };
		3C5594322B69FB4400D3D757 /* MyDatesWidget.swift */ = {isa = PBXFileReference; lastKnownFileType = sourcecode.swift; path = MyDatesWidget.swift; sourceTree = "<group>"; };
		3C5594342B69FB4400D3D757 /* AppIntent.swift */ = {isa = PBXFileReference; lastKnownFileType = sourcecode.swift; path = AppIntent.swift; sourceTree = "<group>"; };
		3C5594362B69FB4600D3D757 /* Assets.xcassets */ = {isa = PBXFileReference; lastKnownFileType = folder.assetcatalog; path = Assets.xcassets; sourceTree = "<group>"; };
		3C5594382B69FB4600D3D757 /* Info.plist */ = {isa = PBXFileReference; lastKnownFileType = text.plist.xml; path = Info.plist; sourceTree = "<group>"; };
		3C5594392B69FB4600D3D757 /* MyDatesWidget.entitlements */ = {isa = PBXFileReference; lastKnownFileType = text.plist.entitlements; path = MyDatesWidget.entitlements; sourceTree = "<group>"; };
		3C56FD482AAAB3700026A2D2 /* MyStoreView.swift */ = {isa = PBXFileReference; lastKnownFileType = sourcecode.swift; path = MyStoreView.swift; sourceTree = "<group>"; };
		3C56FD4A2AAAB9160026A2D2 /* Store.storekit */ = {isa = PBXFileReference; lastKnownFileType = text; path = Store.storekit; sourceTree = "<group>"; };
		3CA777E82A9F793900BC8FF2 /* ListView.swift */ = {isa = PBXFileReference; lastKnownFileType = sourcecode.swift; path = ListView.swift; sourceTree = "<group>"; };
		3CA777EA2A9FDE6800BC8FF2 /* AboutView.swift */ = {isa = PBXFileReference; lastKnownFileType = sourcecode.swift; path = AboutView.swift; sourceTree = "<group>"; };
		3CA777EC2AA0183200BC8FF2 /* StateManager.swift */ = {isa = PBXFileReference; lastKnownFileType = sourcecode.swift; path = StateManager.swift; sourceTree = "<group>"; };
		3CC79CD22ABAA40E00A734CB /* GoogleService-Info.plist */ = {isa = PBXFileReference; fileEncoding = 4; lastKnownFileType = text.plist.xml; path = "GoogleService-Info.plist"; sourceTree = "<group>"; };
		3CC79CF42ABBAC2C00A734CB /* Config.swift */ = {isa = PBXFileReference; lastKnownFileType = sourcecode.swift; path = Config.swift; sourceTree = "<group>"; };
		3CCFD9B92B571F2600D0EE5F /* QueryBuilderView.swift */ = {isa = PBXFileReference; lastKnownFileType = sourcecode.swift; path = QueryBuilderView.swift; sourceTree = "<group>"; };
		3CDA43B52AD24372000FBFCA /* ScreenShotUITests.swift */ = {isa = PBXFileReference; lastKnownFileType = sourcecode.swift; path = ScreenShotUITests.swift; sourceTree = "<group>"; };
/* End PBXFileReference section */

/* Begin PBXFrameworksBuildPhase section */
		3C0D8D972A954099002F2779 /* Frameworks */ = {
			isa = PBXFrameworksBuildPhase;
			buildActionMask = 2147483647;
			files = (
				3C3CD8042AD0814D0051D252 /* WishKit in Frameworks */,
				3CDA43B92AD4DA9F000FBFCA /* Then in Frameworks */,
				3CC79CF12ABB7C7A00A734CB /* KeweApp in Frameworks */,
			);
			runOnlyForDeploymentPostprocessing = 0;
		};
		3C0D8DAB2A95409C002F2779 /* Frameworks */ = {
			isa = PBXFrameworksBuildPhase;
			buildActionMask = 2147483647;
			files = (
			);
			runOnlyForDeploymentPostprocessing = 0;
		};
		3C0D8DB52A95409C002F2779 /* Frameworks */ = {
			isa = PBXFrameworksBuildPhase;
			buildActionMask = 2147483647;
			files = (
			);
			runOnlyForDeploymentPostprocessing = 0;
		};
		3C5594272B69FB4300D3D757 /* Frameworks */ = {
			isa = PBXFrameworksBuildPhase;
			buildActionMask = 2147483647;
			files = (
				3CDAEBFD2CA99E34003F956A /* KeweApp in Frameworks */,
				3C55942E2B69FB4400D3D757 /* SwiftUI.framework in Frameworks */,
				3C55942C2B69FB4400D3D757 /* WidgetKit.framework in Frameworks */,
			);
			runOnlyForDeploymentPostprocessing = 0;
		};
/* End PBXFrameworksBuildPhase section */

/* Begin PBXGroup section */
		3C0D8D912A954099002F2779 = {
			isa = PBXGroup;
			children = (
				3C0D8D9C2A954099002F2779 /* MyDates */,
				3C0D8DB12A95409C002F2779 /* MyDatesTests */,
				3C0D8DBB2A95409C002F2779 /* MyDatesUITests */,
				3C55942F2B69FB4400D3D757 /* MyDatesWidget */,
				3C0D8D9B2A954099002F2779 /* Products */,
				3C56FD592AABE3800026A2D2 /* Frameworks */,
			);
			sourceTree = "<group>";
		};
		3C0D8D9B2A954099002F2779 /* Products */ = {
			isa = PBXGroup;
			children = (
				3C0D8D9A2A954099002F2779 /* MyDates.app */,
				3C0D8DAE2A95409C002F2779 /* MyDatesTests.xctest */,
				3C0D8DB82A95409C002F2779 /* MyDatesUITests.xctest */,
				3C55942A2B69FB4300D3D757 /* MyDatesWidgetExtension.appex */,
			);
			name = Products;
			sourceTree = "<group>";
		};
		3C0D8D9C2A954099002F2779 /* MyDates */ = {
			isa = PBXGroup;
			children = (
				3C0D8D9D2A954099002F2779 /* MyDatesApp.swift */,
				3CC79CF42ABBAC2C00A734CB /* Config.swift */,
				3CA777EC2AA0183200BC8FF2 /* StateManager.swift */,
				3C0D8DA12A954099002F2779 /* Item.swift */,
				3C77DE102B66FE4300F801DE /* Intent */,
				3CA777E72A9F790200BC8FF2 /* View */,
				3C0D8DD42A978C5E002F2779 /* Preview */,
				3C0D8DA32A95409C002F2779 /* Assets.xcassets */,
				3C0D8DA82A95409C002F2779 /* MyDates.entitlements */,
				3C0D8DA92A95409C002F2779 /* Info.plist */,
				3CC79CD22ABAA40E00A734CB /* GoogleService-Info.plist */,
				3C0D8DA52A95409C002F2779 /* Preview Content */,
				3C56FD4A2AAAB9160026A2D2 /* Store.storekit */,
			);
			path = MyDates;
			sourceTree = "<group>";
		};
		3C0D8DA52A95409C002F2779 /* Preview Content */ = {
			isa = PBXGroup;
			children = (
				3C0D8DA62A95409C002F2779 /* Preview Assets.xcassets */,
			);
			path = "Preview Content";
			sourceTree = "<group>";
		};
		3C0D8DB12A95409C002F2779 /* MyDatesTests */ = {
			isa = PBXGroup;
			children = (
				3C0D8DB22A95409C002F2779 /* MyDatesTests.swift */,
			);
			path = MyDatesTests;
			sourceTree = "<group>";
		};
		3C0D8DBB2A95409C002F2779 /* MyDatesUITests */ = {
			isa = PBXGroup;
			children = (
				3C3CD8072AD18A760051D252 /* SnapshotHelper.swift */,
				3CDA43B52AD24372000FBFCA /* ScreenShotUITests.swift */,
				3C0D8DBC2A95409C002F2779 /* MyDatesUITests.swift */,
				3C0D8DBE2A95409C002F2779 /* MyDatesUITestsLaunchTests.swift */,
			);
			path = MyDatesUITests;
			sourceTree = "<group>";
		};
		3C0D8DD42A978C5E002F2779 /* Preview */ = {
			isa = PBXGroup;
			children = (
				3C0D8DD22A977DE4002F2779 /* PreviewContainer.swift */,
				3C0D8DD52A978C88002F2779 /* ModelPreview.swift */,
			);
			path = Preview;
			sourceTree = "<group>";
		};
		3C55942F2B69FB4400D3D757 /* MyDatesWidget */ = {
			isa = PBXGroup;
			children = (
				3C5594302B69FB4400D3D757 /* MyDatesWidgetBundle.swift */,
				3C5594322B69FB4400D3D757 /* MyDatesWidget.swift */,
				3C5594342B69FB4400D3D757 /* AppIntent.swift */,
				3C5594362B69FB4600D3D757 /* Assets.xcassets */,
				3C5594382B69FB4600D3D757 /* Info.plist */,
				3C5594392B69FB4600D3D757 /* MyDatesWidget.entitlements */,
			);
			path = MyDatesWidget;
			sourceTree = "<group>";
		};
		3C56FD592AABE3800026A2D2 /* Frameworks */ = {
			isa = PBXGroup;
			children = (
				3C55942B2B69FB4400D3D757 /* WidgetKit.framework */,
				3C55942D2B69FB4400D3D757 /* SwiftUI.framework */,
			);
			name = Frameworks;
			sourceTree = "<group>";
		};
		3C77DE102B66FE4300F801DE /* Intent */ = {
			isa = PBXGroup;
			children = (
				3C0B76292B66A8FA0056F6A6 /* StartDriveIntent.swift */,
				3C0B762B2B66A93C0056F6A6 /* MyAppShortcutsProvider.swift */,
			);
			path = Intent;
			sourceTree = "<group>";
		};
		3CA777E72A9F790200BC8FF2 /* View */ = {
			isa = PBXGroup;
			children = (
				3C0D8D9F2A954099002F2779 /* ContentView.swift */,
				3CCFD9B92B571F2600D0EE5F /* QueryBuilderView.swift */,
				3CA777E82A9F793900BC8FF2 /* ListView.swift */,
				3C48D9182ABC830F006E418C /* ItemRowView.swift */,
				3C0D8DD02A96DD04002F2779 /* ItemDetail.swift */,
				3CCFD9B82B571EAB00D0EE5F /* Tabs */,
			);
			path = View;
			sourceTree = "<group>";
		};
		3CCFD9B82B571EAB00D0EE5F /* Tabs */ = {
			isa = PBXGroup;
			children = (
				3CA777EA2A9FDE6800BC8FF2 /* AboutView.swift */,
				3C56FD482AAAB3700026A2D2 /* MyStoreView.swift */,
				3C3CD8052AD081E40051D252 /* WishKitView.swift */,
			);
			path = Tabs;
			sourceTree = "<group>";
		};
/* End PBXGroup section */

/* Begin PBXNativeTarget section */
		3C0D8D992A954099002F2779 /* MyDates */ = {
			isa = PBXNativeTarget;
			buildConfigurationList = 3C0D8DC22A95409C002F2779 /* Build configuration list for PBXNativeTarget "MyDates" */;
			buildPhases = (
				3C0D8D962A954099002F2779 /* Sources */,
				3C0D8D972A954099002F2779 /* Frameworks */,
				3C0D8D982A954099002F2779 /* Resources */,
				3C55943D2B69FB4600D3D757 /* Embed Foundation Extensions */,
			);
			buildRules = (
			);
			dependencies = (
				3C55943B2B69FB4600D3D757 /* PBXTargetDependency */,
			);
			name = MyDates;
			packageProductDependencies = (
				3CC79CF02ABB7C7A00A734CB /* KeweApp */,
				3C3CD8032AD0814D0051D252 /* WishKit */,
				3CDA43B82AD4DA9F000FBFCA /* Then */,
			);
			productName = MyDates;
			productReference = 3C0D8D9A2A954099002F2779 /* MyDates.app */;
			productType = "com.apple.product-type.application";
		};
		3C0D8DAD2A95409C002F2779 /* MyDatesTests */ = {
			isa = PBXNativeTarget;
			buildConfigurationList = 3C0D8DC52A95409C002F2779 /* Build configuration list for PBXNativeTarget "MyDatesTests" */;
			buildPhases = (
				3C0D8DAA2A95409C002F2779 /* Sources */,
				3C0D8DAB2A95409C002F2779 /* Frameworks */,
				3C0D8DAC2A95409C002F2779 /* Resources */,
			);
			buildRules = (
			);
			dependencies = (
				3C0D8DB02A95409C002F2779 /* PBXTargetDependency */,
			);
			name = MyDatesTests;
			productName = MyDatesTests;
			productReference = 3C0D8DAE2A95409C002F2779 /* MyDatesTests.xctest */;
			productType = "com.apple.product-type.bundle.unit-test";
		};
		3C0D8DB72A95409C002F2779 /* MyDatesUITests */ = {
			isa = PBXNativeTarget;
			buildConfigurationList = 3C0D8DC82A95409C002F2779 /* Build configuration list for PBXNativeTarget "MyDatesUITests" */;
			buildPhases = (
				3C0D8DB42A95409C002F2779 /* Sources */,
				3C0D8DB52A95409C002F2779 /* Frameworks */,
				3C0D8DB62A95409C002F2779 /* Resources */,
			);
			buildRules = (
			);
			dependencies = (
				3C0D8DBA2A95409C002F2779 /* PBXTargetDependency */,
			);
			name = MyDatesUITests;
			productName = MyDatesUITests;
			productReference = 3C0D8DB82A95409C002F2779 /* MyDatesUITests.xctest */;
			productType = "com.apple.product-type.bundle.ui-testing";
		};
		3C5594292B69FB4300D3D757 /* MyDatesWidgetExtension */ = {
			isa = PBXNativeTarget;
			buildConfigurationList = 3C5594402B69FB4600D3D757 /* Build configuration list for PBXNativeTarget "MyDatesWidgetExtension" */;
			buildPhases = (
				3C5594262B69FB4300D3D757 /* Sources */,
				3C5594272B69FB4300D3D757 /* Frameworks */,
				3C5594282B69FB4300D3D757 /* Resources */,
			);
			buildRules = (
			);
			dependencies = (
			);
			name = MyDatesWidgetExtension;
			productName = MyDatesWidgetExtension;
			productReference = 3C55942A2B69FB4300D3D757 /* MyDatesWidgetExtension.appex */;
			productType = "com.apple.product-type.app-extension";
		};
/* End PBXNativeTarget section */

/* Begin PBXProject section */
		3C0D8D922A954099002F2779 /* Project object */ = {
			isa = PBXProject;
			attributes = {
				BuildIndependentTargetsInParallel = 1;
				LastSwiftUpdateCheck = 1520;
				LastUpgradeCheck = 1500;
				TargetAttributes = {
					3C0D8D992A954099002F2779 = {
						CreatedOnToolsVersion = 15.0;
					};
					3C0D8DAD2A95409C002F2779 = {
						CreatedOnToolsVersion = 15.0;
						TestTargetID = 3C0D8D992A954099002F2779;
					};
					3C0D8DB72A95409C002F2779 = {
						CreatedOnToolsVersion = 15.0;
						TestTargetID = 3C0D8D992A954099002F2779;
					};
					3C5594292B69FB4300D3D757 = {
						CreatedOnToolsVersion = 15.2;
					};
				};
			};
			buildConfigurationList = 3C0D8D952A954099002F2779 /* Build configuration list for PBXProject "MyDates" */;
			compatibilityVersion = "Xcode 14.0";
			developmentRegion = en;
			hasScannedForEncodings = 0;
			knownRegions = (
				en,
				Base,
			);
			mainGroup = 3C0D8D912A954099002F2779;
			packageReferences = (
				3CC79CEF2ABB7C7A00A734CB /* XCRemoteSwiftPackageReference "KeweApp" */,
				3C3CD8022AD0814D0051D252 /* XCRemoteSwiftPackageReference "wishkit-ios" */,
				3CDA43B72AD4DA9F000FBFCA /* XCRemoteSwiftPackageReference "Then" */,
			);
			productRefGroup = 3C0D8D9B2A954099002F2779 /* Products */;
			projectDirPath = "";
			projectRoot = "";
			targets = (
				3C0D8D992A954099002F2779 /* MyDates */,
				3C0D8DAD2A95409C002F2779 /* MyDatesTests */,
				3C0D8DB72A95409C002F2779 /* MyDatesUITests */,
				3C5594292B69FB4300D3D757 /* MyDatesWidgetExtension */,
			);
		};
/* End PBXProject section */

/* Begin PBXResourcesBuildPhase section */
		3C0D8D982A954099002F2779 /* Resources */ = {
			isa = PBXResourcesBuildPhase;
			buildActionMask = 2147483647;
			files = (
				3C0D8DA72A95409C002F2779 /* Preview Assets.xcassets in Resources */,
				3CC79CD32ABAA40E00A734CB /* GoogleService-Info.plist in Resources */,
				3C0D8DA42A95409C002F2779 /* Assets.xcassets in Resources */,
			);
			runOnlyForDeploymentPostprocessing = 0;
		};
		3C0D8DAC2A95409C002F2779 /* Resources */ = {
			isa = PBXResourcesBuildPhase;
			buildActionMask = 2147483647;
			files = (
			);
			runOnlyForDeploymentPostprocessing = 0;
		};
		3C0D8DB62A95409C002F2779 /* Resources */ = {
			isa = PBXResourcesBuildPhase;
			buildActionMask = 2147483647;
			files = (
			);
			runOnlyForDeploymentPostprocessing = 0;
		};
		3C5594282B69FB4300D3D757 /* Resources */ = {
			isa = PBXResourcesBuildPhase;
			buildActionMask = 2147483647;
			files = (
				3C5594372B69FB4600D3D757 /* Assets.xcassets in Resources */,
				3CDAEBFE2CA9A7DF003F956A /* GoogleService-Info.plist in Resources */,
			);
			runOnlyForDeploymentPostprocessing = 0;
		};
/* End PBXResourcesBuildPhase section */

/* Begin PBXSourcesBuildPhase section */
		3C0D8D962A954099002F2779 /* Sources */ = {
			isa = PBXSourcesBuildPhase;
			buildActionMask = 2147483647;
			files = (
				3CA777ED2AA0183200BC8FF2 /* StateManager.swift in Sources */,
				3CA777EB2A9FDE6800BC8FF2 /* AboutView.swift in Sources */,
				3C48D9192ABC830F006E418C /* ItemRowView.swift in Sources */,
				3C0D8DA02A954099002F2779 /* ContentView.swift in Sources */,
				3C0D8DD12A96DD04002F2779 /* ItemDetail.swift in Sources */,
				3CC79CF52ABBAC2C00A734CB /* Config.swift in Sources */,
				3C0D8DD62A978C88002F2779 /* ModelPreview.swift in Sources */,
				3CA777E92A9F793900BC8FF2 /* ListView.swift in Sources */,
				3C0B762C2B66A93C0056F6A6 /* MyAppShortcutsProvider.swift in Sources */,
				3C3CD8062AD081E40051D252 /* WishKitView.swift in Sources */,
				3CCFD9BA2B571F2600D0EE5F /* QueryBuilderView.swift in Sources */,
				3C0D8DA22A954099002F2779 /* Item.swift in Sources */,
				3C0B762A2B66A8FA0056F6A6 /* StartDriveIntent.swift in Sources */,
				3C0D8D9E2A954099002F2779 /* MyDatesApp.swift in Sources */,
				3C56FD492AAAB3700026A2D2 /* MyStoreView.swift in Sources */,
				3C0D8DD32A977DE4002F2779 /* PreviewContainer.swift in Sources */,
			);
			runOnlyForDeploymentPostprocessing = 0;
		};
		3C0D8DAA2A95409C002F2779 /* Sources */ = {
			isa = PBXSourcesBuildPhase;
			buildActionMask = 2147483647;
			files = (
				3C0D8DB32A95409C002F2779 /* MyDatesTests.swift in Sources */,
			);
			runOnlyForDeploymentPostprocessing = 0;
		};
		3C0D8DB42A95409C002F2779 /* Sources */ = {
			isa = PBXSourcesBuildPhase;
			buildActionMask = 2147483647;
			files = (
				3C0D8DBF2A95409C002F2779 /* MyDatesUITestsLaunchTests.swift in Sources */,
				3CDA43B62AD24372000FBFCA /* ScreenShotUITests.swift in Sources */,
				3C0D8DBD2A95409C002F2779 /* MyDatesUITests.swift in Sources */,
				3C3CD8082AD18A760051D252 /* SnapshotHelper.swift in Sources */,
			);
			runOnlyForDeploymentPostprocessing = 0;
		};
		3C5594262B69FB4300D3D757 /* Sources */ = {
			isa = PBXSourcesBuildPhase;
			buildActionMask = 2147483647;
			files = (
				3C5594422B69FE9200D3D757 /* MyAppShortcutsProvider.swift in Sources */,
				3C5594312B69FB4400D3D757 /* MyDatesWidgetBundle.swift in Sources */,
				3C5594332B69FB4400D3D757 /* MyDatesWidget.swift in Sources */,
				3C5594352B69FB4400D3D757 /* AppIntent.swift in Sources */,
				3CDAEBFB2CA4C5DB003F956A /* Item.swift in Sources */,
				3C5594412B69FE7B00D3D757 /* StartDriveIntent.swift in Sources */,
			);
			runOnlyForDeploymentPostprocessing = 0;
		};
/* End PBXSourcesBuildPhase section */

/* Begin PBXTargetDependency section */
		3C0D8DB02A95409C002F2779 /* PBXTargetDependency */ = {
			isa = PBXTargetDependency;
			target = 3C0D8D992A954099002F2779 /* MyDates */;
			targetProxy = 3C0D8DAF2A95409C002F2779 /* PBXContainerItemProxy */;
		};
		3C0D8DBA2A95409C002F2779 /* PBXTargetDependency */ = {
			isa = PBXTargetDependency;
			target = 3C0D8D992A954099002F2779 /* MyDates */;
			targetProxy = 3C0D8DB92A95409C002F2779 /* PBXContainerItemProxy */;
		};
		3C55943B2B69FB4600D3D757 /* PBXTargetDependency */ = {
			isa = PBXTargetDependency;
			target = 3C5594292B69FB4300D3D757 /* MyDatesWidgetExtension */;
			targetProxy = 3C55943A2B69FB4600D3D757 /* PBXContainerItemProxy */;
		};
/* End PBXTargetDependency section */

/* Begin XCBuildConfiguration section */
		3C0D8DC02A95409C002F2779 /* Debug */ = {
			isa = XCBuildConfiguration;
			buildSettings = {
				ALWAYS_SEARCH_USER_PATHS = NO;
				ASSETCATALOG_COMPILER_GENERATE_SWIFT_ASSET_SYMBOL_EXTENSIONS = YES;
				CLANG_ANALYZER_NONNULL = YES;
				CLANG_ANALYZER_NUMBER_OBJECT_CONVERSION = YES_AGGRESSIVE;
				CLANG_CXX_LANGUAGE_STANDARD = "gnu++20";
				CLANG_ENABLE_MODULES = YES;
				CLANG_ENABLE_OBJC_ARC = YES;
				CLANG_ENABLE_OBJC_WEAK = YES;
				CLANG_WARN_BLOCK_CAPTURE_AUTORELEASING = YES;
				CLANG_WARN_BOOL_CONVERSION = YES;
				CLANG_WARN_COMMA = YES;
				CLANG_WARN_CONSTANT_CONVERSION = YES;
				CLANG_WARN_DEPRECATED_OBJC_IMPLEMENTATIONS = YES;
				CLANG_WARN_DIRECT_OBJC_ISA_USAGE = YES_ERROR;
				CLANG_WARN_DOCUMENTATION_COMMENTS = YES;
				CLANG_WARN_EMPTY_BODY = YES;
				CLANG_WARN_ENUM_CONVERSION = YES;
				CLANG_WARN_INFINITE_RECURSION = YES;
				CLANG_WARN_INT_CONVERSION = YES;
				CLANG_WARN_NON_LITERAL_NULL_CONVERSION = YES;
				CLANG_WARN_OBJC_IMPLICIT_RETAIN_SELF = YES;
				CLANG_WARN_OBJC_LITERAL_CONVERSION = YES;
				CLANG_WARN_OBJC_ROOT_CLASS = YES_ERROR;
				CLANG_WARN_QUOTED_INCLUDE_IN_FRAMEWORK_HEADER = YES;
				CLANG_WARN_RANGE_LOOP_ANALYSIS = YES;
				CLANG_WARN_STRICT_PROTOTYPES = YES;
				CLANG_WARN_SUSPICIOUS_MOVE = YES;
				CLANG_WARN_UNGUARDED_AVAILABILITY = YES_AGGRESSIVE;
				CLANG_WARN_UNREACHABLE_CODE = YES;
				CLANG_WARN__DUPLICATE_METHOD_MATCH = YES;
				COPY_PHASE_STRIP = NO;
				DEBUG_INFORMATION_FORMAT = dwarf;
				ENABLE_STRICT_OBJC_MSGSEND = YES;
				ENABLE_TESTABILITY = YES;
				ENABLE_USER_SCRIPT_SANDBOXING = YES;
				GCC_C_LANGUAGE_STANDARD = gnu17;
				GCC_DYNAMIC_NO_PIC = NO;
				GCC_NO_COMMON_BLOCKS = YES;
				GCC_OPTIMIZATION_LEVEL = 0;
				GCC_PREPROCESSOR_DEFINITIONS = (
					"DEBUG=1",
					"$(inherited)",
				);
				GCC_WARN_64_TO_32_BIT_CONVERSION = YES;
				GCC_WARN_ABOUT_RETURN_TYPE = YES_ERROR;
				GCC_WARN_UNDECLARED_SELECTOR = YES;
				GCC_WARN_UNINITIALIZED_AUTOS = YES_AGGRESSIVE;
				GCC_WARN_UNUSED_FUNCTION = YES;
				GCC_WARN_UNUSED_VARIABLE = YES;
				IPHONEOS_DEPLOYMENT_TARGET = 17.0;
				LOCALIZATION_PREFERS_STRING_CATALOGS = YES;
				MTL_ENABLE_DEBUG_INFO = INCLUDE_SOURCE;
				MTL_FAST_MATH = YES;
				ONLY_ACTIVE_ARCH = YES;
				SDKROOT = iphoneos;
				SWIFT_ACTIVE_COMPILATION_CONDITIONS = "DEBUG $(inherited)";
				SWIFT_OPTIMIZATION_LEVEL = "-Onone";
			};
			name = Debug;
		};
		3C0D8DC12A95409C002F2779 /* Release */ = {
			isa = XCBuildConfiguration;
			buildSettings = {
				ALWAYS_SEARCH_USER_PATHS = NO;
				ASSETCATALOG_COMPILER_GENERATE_SWIFT_ASSET_SYMBOL_EXTENSIONS = YES;
				CLANG_ANALYZER_NONNULL = YES;
				CLANG_ANALYZER_NUMBER_OBJECT_CONVERSION = YES_AGGRESSIVE;
				CLANG_CXX_LANGUAGE_STANDARD = "gnu++20";
				CLANG_ENABLE_MODULES = YES;
				CLANG_ENABLE_OBJC_ARC = YES;
				CLANG_ENABLE_OBJC_WEAK = YES;
				CLANG_WARN_BLOCK_CAPTURE_AUTORELEASING = YES;
				CLANG_WARN_BOOL_CONVERSION = YES;
				CLANG_WARN_COMMA = YES;
				CLANG_WARN_CONSTANT_CONVERSION = YES;
				CLANG_WARN_DEPRECATED_OBJC_IMPLEMENTATIONS = YES;
				CLANG_WARN_DIRECT_OBJC_ISA_USAGE = YES_ERROR;
				CLANG_WARN_DOCUMENTATION_COMMENTS = YES;
				CLANG_WARN_EMPTY_BODY = YES;
				CLANG_WARN_ENUM_CONVERSION = YES;
				CLANG_WARN_INFINITE_RECURSION = YES;
				CLANG_WARN_INT_CONVERSION = YES;
				CLANG_WARN_NON_LITERAL_NULL_CONVERSION = YES;
				CLANG_WARN_OBJC_IMPLICIT_RETAIN_SELF = YES;
				CLANG_WARN_OBJC_LITERAL_CONVERSION = YES;
				CLANG_WARN_OBJC_ROOT_CLASS = YES_ERROR;
				CLANG_WARN_QUOTED_INCLUDE_IN_FRAMEWORK_HEADER = YES;
				CLANG_WARN_RANGE_LOOP_ANALYSIS = YES;
				CLANG_WARN_STRICT_PROTOTYPES = YES;
				CLANG_WARN_SUSPICIOUS_MOVE = YES;
				CLANG_WARN_UNGUARDED_AVAILABILITY = YES_AGGRESSIVE;
				CLANG_WARN_UNREACHABLE_CODE = YES;
				CLANG_WARN__DUPLICATE_METHOD_MATCH = YES;
				COPY_PHASE_STRIP = NO;
				DEBUG_INFORMATION_FORMAT = "dwarf-with-dsym";
				ENABLE_NS_ASSERTIONS = NO;
				ENABLE_STRICT_OBJC_MSGSEND = YES;
				ENABLE_USER_SCRIPT_SANDBOXING = YES;
				GCC_C_LANGUAGE_STANDARD = gnu17;
				GCC_NO_COMMON_BLOCKS = YES;
				GCC_WARN_64_TO_32_BIT_CONVERSION = YES;
				GCC_WARN_ABOUT_RETURN_TYPE = YES_ERROR;
				GCC_WARN_UNDECLARED_SELECTOR = YES;
				GCC_WARN_UNINITIALIZED_AUTOS = YES_AGGRESSIVE;
				GCC_WARN_UNUSED_FUNCTION = YES;
				GCC_WARN_UNUSED_VARIABLE = YES;
				IPHONEOS_DEPLOYMENT_TARGET = 17.0;
				LOCALIZATION_PREFERS_STRING_CATALOGS = YES;
				MTL_ENABLE_DEBUG_INFO = NO;
				MTL_FAST_MATH = YES;
				SDKROOT = iphoneos;
				SWIFT_COMPILATION_MODE = wholemodule;
				VALIDATE_PRODUCT = YES;
			};
			name = Release;
		};
		3C0D8DC32A95409C002F2779 /* Debug */ = {
			isa = XCBuildConfiguration;
			buildSettings = {
				ALWAYS_EMBED_SWIFT_STANDARD_LIBRARIES = YES;
				ASSETCATALOG_COMPILER_APPICON_NAME = AppIcon;
				ASSETCATALOG_COMPILER_GLOBAL_ACCENT_COLOR_NAME = AccentColor;
				CODE_SIGN_ENTITLEMENTS = MyDates/MyDates.entitlements;
				CODE_SIGN_STYLE = Automatic;
				CURRENT_PROJECT_VERSION = 1;
				DEVELOPMENT_ASSET_PATHS = "\"MyDates/Preview Content\"";
				DEVELOPMENT_TEAM = 6GW2SW5L9X;
				ENABLE_PREVIEWS = YES;
				GENERATE_INFOPLIST_FILE = YES;
				INFOPLIST_FILE = MyDates/Info.plist;
				INFOPLIST_KEY_CFBundleDisplayName = "Date Radar";
				INFOPLIST_KEY_LSApplicationCategoryType = "public.app-category.lifestyle";
				INFOPLIST_KEY_UIApplicationSceneManifest_Generation = YES;
				INFOPLIST_KEY_UIApplicationSupportsIndirectInputEvents = YES;
				INFOPLIST_KEY_UILaunchScreen_Generation = YES;
				INFOPLIST_KEY_UISupportedInterfaceOrientations_iPad = "UIInterfaceOrientationPortrait UIInterfaceOrientationPortraitUpsideDown UIInterfaceOrientationLandscapeLeft UIInterfaceOrientationLandscapeRight";
				INFOPLIST_KEY_UISupportedInterfaceOrientations_iPhone = "UIInterfaceOrientationPortrait UIInterfaceOrientationLandscapeLeft UIInterfaceOrientationLandscapeRight";
				LD_RUNPATH_SEARCH_PATHS = (
					"$(inherited)",
					"@executable_path/Frameworks",
				);
				MARKETING_VERSION = 1.0.12;
				PRODUCT_BUNDLE_IDENTIFIER = us.jsy.MyDates;
				PRODUCT_NAME = "$(TARGET_NAME)";
				SUPPORTED_PLATFORMS = "iphoneos iphonesimulator";
				SUPPORTS_MACCATALYST = NO;
				SWIFT_EMIT_LOC_STRINGS = YES;
				SWIFT_VERSION = 5.0;
				TARGETED_DEVICE_FAMILY = 1;
			};
			name = Debug;
		};
		3C0D8DC42A95409C002F2779 /* Release */ = {
			isa = XCBuildConfiguration;
			buildSettings = {
				ALWAYS_EMBED_SWIFT_STANDARD_LIBRARIES = YES;
				ASSETCATALOG_COMPILER_APPICON_NAME = AppIcon;
				ASSETCATALOG_COMPILER_GLOBAL_ACCENT_COLOR_NAME = AccentColor;
				CODE_SIGN_ENTITLEMENTS = MyDates/MyDates.entitlements;
				CODE_SIGN_STYLE = Automatic;
				CURRENT_PROJECT_VERSION = 1;
				DEVELOPMENT_ASSET_PATHS = "\"MyDates/Preview Content\"";
				DEVELOPMENT_TEAM = 6GW2SW5L9X;
				ENABLE_PREVIEWS = YES;
				GENERATE_INFOPLIST_FILE = YES;
				INFOPLIST_FILE = MyDates/Info.plist;
				INFOPLIST_KEY_CFBundleDisplayName = "Date Radar";
				INFOPLIST_KEY_LSApplicationCategoryType = "public.app-category.lifestyle";
				INFOPLIST_KEY_UIApplicationSceneManifest_Generation = YES;
				INFOPLIST_KEY_UIApplicationSupportsIndirectInputEvents = YES;
				INFOPLIST_KEY_UILaunchScreen_Generation = YES;
				INFOPLIST_KEY_UISupportedInterfaceOrientations_iPad = "UIInterfaceOrientationPortrait UIInterfaceOrientationPortraitUpsideDown UIInterfaceOrientationLandscapeLeft UIInterfaceOrientationLandscapeRight";
				INFOPLIST_KEY_UISupportedInterfaceOrientations_iPhone = "UIInterfaceOrientationPortrait UIInterfaceOrientationLandscapeLeft UIInterfaceOrientationLandscapeRight";
				LD_RUNPATH_SEARCH_PATHS = (
					"$(inherited)",
					"@executable_path/Frameworks",
				);
				MARKETING_VERSION = 1.0.12;
				PRODUCT_BUNDLE_IDENTIFIER = us.jsy.MyDates;
				PRODUCT_NAME = "$(TARGET_NAME)";
				SUPPORTED_PLATFORMS = "iphoneos iphonesimulator";
				SUPPORTS_MACCATALYST = NO;
				SWIFT_EMIT_LOC_STRINGS = YES;
				SWIFT_VERSION = 5.0;
				TARGETED_DEVICE_FAMILY = 1;
			};
			name = Release;
		};
		3C0D8DC62A95409C002F2779 /* Debug */ = {
			isa = XCBuildConfiguration;
			buildSettings = {
				ALWAYS_EMBED_SWIFT_STANDARD_LIBRARIES = YES;
				BUNDLE_LOADER = "$(TEST_HOST)";
				CODE_SIGN_STYLE = Automatic;
				CURRENT_PROJECT_VERSION = 1;
				DEVELOPMENT_TEAM = 6GW2SW5L9X;
				GENERATE_INFOPLIST_FILE = YES;
				IPHONEOS_DEPLOYMENT_TARGET = 17.0;
				MARKETING_VERSION = 1.0;
				PRODUCT_BUNDLE_IDENTIFIER = us.jsy.MyDatesTests;
				PRODUCT_NAME = "$(TARGET_NAME)";
				SWIFT_EMIT_LOC_STRINGS = NO;
				SWIFT_VERSION = 5.0;
				TARGETED_DEVICE_FAMILY = "1,2";
				TEST_HOST = "$(BUILT_PRODUCTS_DIR)/MyDates.app/$(BUNDLE_EXECUTABLE_FOLDER_PATH)/MyDates";
			};
			name = Debug;
		};
		3C0D8DC72A95409C002F2779 /* Release */ = {
			isa = XCBuildConfiguration;
			buildSettings = {
				ALWAYS_EMBED_SWIFT_STANDARD_LIBRARIES = YES;
				BUNDLE_LOADER = "$(TEST_HOST)";
				CODE_SIGN_STYLE = Automatic;
				CURRENT_PROJECT_VERSION = 1;
				DEVELOPMENT_TEAM = 6GW2SW5L9X;
				GENERATE_INFOPLIST_FILE = YES;
				IPHONEOS_DEPLOYMENT_TARGET = 17.0;
				MARKETING_VERSION = 1.0;
				PRODUCT_BUNDLE_IDENTIFIER = us.jsy.MyDatesTests;
				PRODUCT_NAME = "$(TARGET_NAME)";
				SWIFT_EMIT_LOC_STRINGS = NO;
				SWIFT_VERSION = 5.0;
				TARGETED_DEVICE_FAMILY = "1,2";
				TEST_HOST = "$(BUILT_PRODUCTS_DIR)/MyDates.app/$(BUNDLE_EXECUTABLE_FOLDER_PATH)/MyDates";
			};
			name = Release;
		};
		3C0D8DC92A95409C002F2779 /* Debug */ = {
			isa = XCBuildConfiguration;
			buildSettings = {
				ALWAYS_EMBED_SWIFT_STANDARD_LIBRARIES = YES;
				CODE_SIGN_STYLE = Automatic;
				CURRENT_PROJECT_VERSION = 1;
				DEVELOPMENT_TEAM = 6GW2SW5L9X;
				GENERATE_INFOPLIST_FILE = YES;
				MARKETING_VERSION = 1.0;
				PRODUCT_BUNDLE_IDENTIFIER = us.jsy.MyDatesUITests;
				PRODUCT_NAME = "$(TARGET_NAME)";
				SWIFT_EMIT_LOC_STRINGS = NO;
				SWIFT_VERSION = 5.0;
				TARGETED_DEVICE_FAMILY = "1,2";
				TEST_TARGET_NAME = MyDates;
			};
			name = Debug;
		};
		3C0D8DCA2A95409C002F2779 /* Release */ = {
			isa = XCBuildConfiguration;
			buildSettings = {
				ALWAYS_EMBED_SWIFT_STANDARD_LIBRARIES = YES;
				CODE_SIGN_STYLE = Automatic;
				CURRENT_PROJECT_VERSION = 1;
				DEVELOPMENT_TEAM = 6GW2SW5L9X;
				GENERATE_INFOPLIST_FILE = YES;
				MARKETING_VERSION = 1.0;
				PRODUCT_BUNDLE_IDENTIFIER = us.jsy.MyDatesUITests;
				PRODUCT_NAME = "$(TARGET_NAME)";
				SWIFT_EMIT_LOC_STRINGS = NO;
				SWIFT_VERSION = 5.0;
				TARGETED_DEVICE_FAMILY = "1,2";
				TEST_TARGET_NAME = MyDates;
			};
			name = Release;
		};
		3C55943E2B69FB4600D3D757 /* Debug */ = {
			isa = XCBuildConfiguration;
			buildSettings = {
				ASSETCATALOG_COMPILER_GLOBAL_ACCENT_COLOR_NAME = AccentColor;
				ASSETCATALOG_COMPILER_WIDGET_BACKGROUND_COLOR_NAME = WidgetBackground;
				CODE_SIGN_ENTITLEMENTS = MyDatesWidget/MyDatesWidget.entitlements;
				CODE_SIGN_STYLE = Automatic;
				CURRENT_PROJECT_VERSION = 1;
				DEVELOPMENT_TEAM = 6GW2SW5L9X;
				ENABLE_HARDENED_RUNTIME = YES;
				GENERATE_INFOPLIST_FILE = YES;
				INFOPLIST_FILE = MyDatesWidget/Info.plist;
				INFOPLIST_KEY_CFBundleDisplayName = MyDatesWidget;
				INFOPLIST_KEY_NSHumanReadableCopyright = "";
				IPHONEOS_DEPLOYMENT_TARGET = 17.2;
				LD_RUNPATH_SEARCH_PATHS = (
					"$(inherited)",
					"@executable_path/Frameworks",
					"@executable_path/../../Frameworks",
				);
				"LD_RUNPATH_SEARCH_PATHS[sdk=macosx*]" = (
					"$(inherited)",
					"@executable_path/../Frameworks",
					"@executable_path/../../../../Frameworks",
				);
				MACOSX_DEPLOYMENT_TARGET = 14.0;
				MARKETING_VERSION = 1.0;
				PRODUCT_BUNDLE_IDENTIFIER = us.jsy.MyDates.MyDatesWidget;
				PRODUCT_NAME = "$(TARGET_NAME)";
				SDKROOT = auto;
				SKIP_INSTALL = YES;
				SUPPORTED_PLATFORMS = "iphoneos iphonesimulator";
				SUPPORTS_MACCATALYST = NO;
				SWIFT_EMIT_LOC_STRINGS = YES;
				SWIFT_VERSION = 5.0;
				TARGETED_DEVICE_FAMILY = "1,2";
			};
			name = Debug;
		};
		3C55943F2B69FB4600D3D757 /* Release */ = {
			isa = XCBuildConfiguration;
			buildSettings = {
				ASSETCATALOG_COMPILER_GLOBAL_ACCENT_COLOR_NAME = AccentColor;
				ASSETCATALOG_COMPILER_WIDGET_BACKGROUND_COLOR_NAME = WidgetBackground;
				CODE_SIGN_ENTITLEMENTS = MyDatesWidget/MyDatesWidget.entitlements;
				CODE_SIGN_STYLE = Automatic;
				CURRENT_PROJECT_VERSION = 1;
				DEVELOPMENT_TEAM = 6GW2SW5L9X;
				ENABLE_HARDENED_RUNTIME = YES;
				GENERATE_INFOPLIST_FILE = YES;
				INFOPLIST_FILE = MyDatesWidget/Info.plist;
				INFOPLIST_KEY_CFBundleDisplayName = MyDatesWidget;
				INFOPLIST_KEY_NSHumanReadableCopyright = "";
				IPHONEOS_DEPLOYMENT_TARGET = 17.2;
				LD_RUNPATH_SEARCH_PATHS = (
					"$(inherited)",
					"@executable_path/Frameworks",
					"@executable_path/../../Frameworks",
				);
				"LD_RUNPATH_SEARCH_PATHS[sdk=macosx*]" = (
					"$(inherited)",
					"@executable_path/../Frameworks",
					"@executable_path/../../../../Frameworks",
				);
				MACOSX_DEPLOYMENT_TARGET = 14.0;
				MARKETING_VERSION = 1.0;
				PRODUCT_BUNDLE_IDENTIFIER = us.jsy.MyDates.MyDatesWidget;
				PRODUCT_NAME = "$(TARGET_NAME)";
				SDKROOT = auto;
				SKIP_INSTALL = YES;
				SUPPORTED_PLATFORMS = "iphoneos iphonesimulator";
				SUPPORTS_MACCATALYST = NO;
				SWIFT_EMIT_LOC_STRINGS = YES;
				SWIFT_VERSION = 5.0;
				TARGETED_DEVICE_FAMILY = "1,2";
			};
			name = Release;
		};
/* End XCBuildConfiguration section */

/* Begin XCConfigurationList section */
		3C0D8D952A954099002F2779 /* Build configuration list for PBXProject "MyDates" */ = {
			isa = XCConfigurationList;
			buildConfigurations = (
				3C0D8DC02A95409C002F2779 /* Debug */,
				3C0D8DC12A95409C002F2779 /* Release */,
			);
			defaultConfigurationIsVisible = 0;
			defaultConfigurationName = Release;
		};
		3C0D8DC22A95409C002F2779 /* Build configuration list for PBXNativeTarget "MyDates" */ = {
			isa = XCConfigurationList;
			buildConfigurations = (
				3C0D8DC32A95409C002F2779 /* Debug */,
				3C0D8DC42A95409C002F2779 /* Release */,
			);
			defaultConfigurationIsVisible = 0;
			defaultConfigurationName = Release;
		};
		3C0D8DC52A95409C002F2779 /* Build configuration list for PBXNativeTarget "MyDatesTests" */ = {
			isa = XCConfigurationList;
			buildConfigurations = (
				3C0D8DC62A95409C002F2779 /* Debug */,
				3C0D8DC72A95409C002F2779 /* Release */,
			);
			defaultConfigurationIsVisible = 0;
			defaultConfigurationName = Release;
		};
		3C0D8DC82A95409C002F2779 /* Build configuration list for PBXNativeTarget "MyDatesUITests" */ = {
			isa = XCConfigurationList;
			buildConfigurations = (
				3C0D8DC92A95409C002F2779 /* Debug */,
				3C0D8DCA2A95409C002F2779 /* Release */,
			);
			defaultConfigurationIsVisible = 0;
			defaultConfigurationName = Release;
		};
		3C5594402B69FB4600D3D757 /* Build configuration list for PBXNativeTarget "MyDatesWidgetExtension" */ = {
			isa = XCConfigurationList;
			buildConfigurations = (
				3C55943E2B69FB4600D3D757 /* Debug */,
				3C55943F2B69FB4600D3D757 /* Release */,
			);
			defaultConfigurationIsVisible = 0;
			defaultConfigurationName = Release;
		};
/* End XCConfigurationList section */

/* Begin XCRemoteSwiftPackageReference section */
		3C3CD8022AD0814D0051D252 /* XCRemoteSwiftPackageReference "wishkit-ios" */ = {
			isa = XCRemoteSwiftPackageReference;
			repositoryURL = "https://github.com/wishkit/wishkit-ios.git";
			requirement = {
				kind = upToNextMajorVersion;
				minimumVersion = 4.0.2;
			};
		};
		3CC79CEF2ABB7C7A00A734CB /* XCRemoteSwiftPackageReference "KeweApp" */ = {
			isa = XCRemoteSwiftPackageReference;
			repositoryURL = "https://github.com/sheng168/KeweApp.git";
			requirement = {
				branch = main;
				kind = branch;
			};
		};
		3CDA43B72AD4DA9F000FBFCA /* XCRemoteSwiftPackageReference "Then" */ = {
			isa = XCRemoteSwiftPackageReference;
			repositoryURL = "https://github.com/devxoul/Then";
			requirement = {
				kind = upToNextMajorVersion;
				minimumVersion = 3.0.0;
			};
		};
/* End XCRemoteSwiftPackageReference section */

/* Begin XCSwiftPackageProductDependency section */
		3C3CD8032AD0814D0051D252 /* WishKit */ = {
			isa = XCSwiftPackageProductDependency;
			package = 3C3CD8022AD0814D0051D252 /* XCRemoteSwiftPackageReference "wishkit-ios" */;
			productName = WishKit;
		};
		3CC79CF02ABB7C7A00A734CB /* KeweApp */ = {
			isa = XCSwiftPackageProductDependency;
			package = 3CC79CEF2ABB7C7A00A734CB /* XCRemoteSwiftPackageReference "KeweApp" */;
			productName = KeweApp;
		};
		3CDA43B82AD4DA9F000FBFCA /* Then */ = {
			isa = XCSwiftPackageProductDependency;
			package = 3CDA43B72AD4DA9F000FBFCA /* XCRemoteSwiftPackageReference "Then" */;
			productName = Then;
		};
		3CDAEBFC2CA99E34003F956A /* KeweApp */ = {
			isa = XCSwiftPackageProductDependency;
			package = 3CC79CEF2ABB7C7A00A734CB /* XCRemoteSwiftPackageReference "KeweApp" */;
			productName = KeweApp;
		};
/* End XCSwiftPackageProductDependency section */
	};
	rootObject = 3C0D8D922A954099002F2779 /* Project object */;
}
